
Microsoft Visual Studio Solution File, Format Version 12.00
# Visual Studio 15
VisualStudioVersion = 15.0.27703.2035
MinimumVisualStudioVersion = 10.0.40219.1
Project("{8BC9CEB8-8B4A-11D0-8D11-00A0C91BC942}") = "Dodger", "Dodger\Dodger.vcxproj", "{75487F5D-173B-4684-86AD-DCF0BC0CF7A1}"
EndProject
Global
	GlobalSection(SolutionConfigurationPlatforms) = preSolution
		Debug|x86 = Debug|x86
		Release|x86 = Release|x86
	EndGlobalSection
	GlobalSection(ProjectConfigurationPlatforms) = postSolution
		{75487F5D-173B-4684-86AD-DCF0BC0CF7A1}.Debug|x86.ActiveCfg = Debug|Win32
		{75487F5D-173B-4684-86AD-DCF0BC0CF7A1}.Debug|x86.Build.0 = Debug|Win32
		{75487F5D-173B-4684-86AD-DCF0BC0CF7A1}.Release|x86.ActiveCfg = Release|Win32
		{75487F5D-173B-4684-86AD-DCF0BC0CF7A1}.Release|x86.Build.0 = Release|Win32
	EndGlobalSection
	GlobalSection(SolutionProperties) = preSolution
		HideSolutionNode = FALSE
	EndGlobalSection
	GlobalSection(ExtensibilityGlobals) = postSolution
		SolutionGuid = {B0D57B7D-0FF0-4308-A8B2-48C82F98BD68}
	EndGlobalSection
EndGlobal
