<?xml version="1.0" encoding="utf-8"?>
<Project ToolsVersion="4.0" xmlns="http://schemas.microsoft.com/developer/msbuild/2003">
  <ItemGroup>
    <Filter Include="Header Files">
      <UniqueIdentifier>{40b0e5f7-3cb1-4fc3-830f-b3512adc2980}</UniqueIdentifier>
    </Filter>
    <Filter Include="Header Files\Engine">
      <UniqueIdentifier>{fad87a78-5aee-4da3-933d-652daf9ce153}</UniqueIdentifier>
    </Filter>
    <Filter Include="Header Files\Entity">
      <UniqueIdentifier>{f19f33fd-a094-4a92-b782-835b507e17a2}</UniqueIdentifier>
    </Filter>
    <Filter Include="Header Files\State">
      <UniqueIdentifier>{439ce635-570c-492b-ab4c-2f8d4aaef0b7}</UniqueIdentifier>
    </Filter>
    <Filter Include="Source Files">
      <UniqueIdentifier>{d2eba4bb-aad2-4a97-99a5-c84973a852a7}</UniqueIdentifier>
    </Filter>
    <Filter Include="Source Files\Engine">
      <UniqueIdentifier>{ea092c74-cb95-4c34-b6bf-48b02367ae4c}</UniqueIdentifier>
    </Filter>
    <Filter Include="Source Files\Entity">
      <UniqueIdentifier>{c08f9fa5-d1fc-4b87-86a5-df602f6d8d20}</UniqueIdentifier>
    </Filter>
    <Filter Include="Source Files\State">
      <UniqueIdentifier>{bc983131-8cdb-4b26-a21f-5b3793e39e66}</UniqueIdentifier>
    </Filter>
  </ItemGroup>
  <ItemGroup>
    <ClInclude Include="include\CollisionEngine.h">
      <Filter>Header Files\Engine</Filter>
    </ClInclude>
    <ClInclude Include="include\Engine.h">
      <Filter>Header Files\Engine</Filter>
    </ClInclude>
    <ClInclude Include="include\FontCache.h">
      <Filter>Header Files\Engine</Filter>
    </ClInclude>
    <ClInclude Include="include\GameTexture.h">
      <Filter>Header Files\Engine</Filter>
    </ClInclude>
    <ClInclude Include="include\ImageCache.h">
      <Filter>Header Files\Engine</Filter>
    </ClInclude>
    <ClInclude Include="include\MediaCache.h">
      <Filter>Header Files\Engine</Filter>
    </ClInclude>
    <ClInclude Include="include\State.h">
      <Filter>Header Files\Engine</Filter>
    </ClInclude>
    <ClInclude Include="include\StateMachine.h">
      <Filter>Header Files\Engine</Filter>
    </ClInclude>
    <ClInclude Include="include\TextCache.h">
      <Filter>Header Files\Engine</Filter>
    </ClInclude>
    <ClInclude Include="include\Util.h">
      <Filter>Header Files\Engine</Filter>
    </ClInclude>
    <ClInclude Include="include\Title.h">
      <Filter>Header Files\State</Filter>
    </ClInclude>
    <ClInclude Include="include\HighScore.h">
      <Filter>Header Files\State</Filter>
    </ClInclude>
    <ClInclude Include="include\Difficulty.h">
      <Filter>Header Files\State</Filter>
    </ClInclude>
    <ClInclude Include="include\Game.h">
      <Filter>Header Files\State</Filter>
    </ClInclude>
    <ClInclude Include="include\Player.h">
      <Filter>Header Files\Entity</Filter>
    </ClInclude>
    <ClInclude Include="include\Sprite.h">
      <Filter>Header Files\Entity</Filter>
    </ClInclude>
    <ClInclude Include="include\Enemy.h">
      <Filter>Header Files\Entity</Filter>
    </ClInclude>
    <ClInclude Include="include\Timer.h">
      <Filter>Header Files\Engine</Filter>
    </ClInclude>
  </ItemGroup>
  <ItemGroup>
    <ClCompile Include="source\CollisionEngine.cpp">
      <Filter>Source Files\Engine</Filter>
    </ClCompile>
    <ClCompile Include="source\Engine.cpp">
      <Filter>Source Files\Engine</Filter>
    </ClCompile>
    <ClCompile Include="source\FontCache.cpp">
      <Filter>Source Files\Engine</Filter>
    </ClCompile>
    <ClCompile Include="source\GameTexture.cpp">
      <Filter>Source Files\Engine</Filter>
    </ClCompile>
    <ClCompile Include="source\ImageCache.cpp">
      <Filter>Source Files\Engine</Filter>
    </ClCompile>
    <ClCompile Include="source\MediaCache.cpp">
      <Filter>Source Files\Engine</Filter>
    </ClCompile>
    <ClCompile Include="source\StateMachine.cpp">
      <Filter>Source Files\Engine</Filter>
    </ClCompile>
    <ClCompile Include="source\TextCache.cpp">
      <Filter>Source Files\Engine</Filter>
    </ClCompile>
    <ClCompile Include="source\Title.cpp">
      <Filter>Source Files\State</Filter>
    </ClCompile>
    <ClCompile Include="source\main.cpp">
      <Filter>Source Files</Filter>
    </ClCompile>
    <ClCompile Include="source\HighScore.cpp">
      <Filter>Source Files\State</Filter>
    </ClCompile>
    <ClCompile Include="source\Difficulty.cpp">
      <Filter>Source Files\State</Filter>
    </ClCompile>
    <ClCompile Include="source\Game.cpp">
      <Filter>Source Files\State</Filter>
    </ClCompile>
    <ClCompile Include="source\Player.cpp">
      <Filter>Source Files\Entity</Filter>
    </ClCompile>
    <ClCompile Include="source\Sprite.cpp">
      <Filter>Source Files\Entity</Filter>
    </ClCompile>
    <ClCompile Include="source\Util.cpp">
      <Filter>Source Files\Engine</Filter>
    </ClCompile>
    <ClCompile Include="source\Enemy.cpp">
      <Filter>Source Files\Entity</Filter>
    </ClCompile>
    <ClCompile Include="source\Timer.cpp">
      <Filter>Source Files\Engine</Filter>
    </ClCompile>
  </ItemGroup>
</Project>